// !$*UTF8*$!
{
	archiveVersion = 1;
	classes = {
	};
	objectVersion = 55;
	objects = {

/* Begin PBXBuildFile section */
		9F1567CB289E8D250045DFF8 /* Media.swift in Sources */ = {isa = PBXBuildFile; fileRef = 9F1567C9289E8D250045DFF8 /* Media.swift */; };
		9F1567CC289E8D250045DFF8 /* Results.swift in Sources */ = {isa = PBXBuildFile; fileRef = 9F1567CA289E8D250045DFF8 /* Results.swift */; };
		9F1567D0289FF41D0045DFF8 /* InfoCellViewController.swift in Sources */ = {isa = PBXBuildFile; fileRef = 9F1567CF289FF41D0045DFF8 /* InfoCellViewController.swift */; };
		9F1567D228A10B400045DFF8 /* SetUp + EXTENSIONS.swift in Sources */ = {isa = PBXBuildFile; fileRef = 9F1567D128A10B400045DFF8 /* SetUp + EXTENSIONS.swift */; };
		9F664929288735E200A297E0 /* AppDelegate.swift in Sources */ = {isa = PBXBuildFile; fileRef = 9F664928288735E200A297E0 /* AppDelegate.swift */; };
		9F66492B288735E200A297E0 /* SceneDelegate.swift in Sources */ = {isa = PBXBuildFile; fileRef = 9F66492A288735E200A297E0 /* SceneDelegate.swift */; };
		9F66492D288735E200A297E0 /* MainViewController.swift in Sources */ = {isa = PBXBuildFile; fileRef = 9F66492C288735E200A297E0 /* MainViewController.swift */; };
		9F664930288735E200A297E0 /* Main.storyboard in Resources */ = {isa = PBXBuildFile; fileRef = 9F66492E288735E200A297E0 /* Main.storyboard */; };
		9F664932288735E300A297E0 /* Assets.xcassets in Resources */ = {isa = PBXBuildFile; fileRef = 9F664931288735E300A297E0 /* Assets.xcassets */; };
		9F664935288735E300A297E0 /* LaunchScreen.storyboard in Resources */ = {isa = PBXBuildFile; fileRef = 9F664933288735E300A297E0 /* LaunchScreen.storyboard */; };
		9F66493E2887373200A297E0 /* FavouriteViewController.swift in Sources */ = {isa = PBXBuildFile; fileRef = 9F66493D2887373200A297E0 /* FavouriteViewController.swift */; };
		9F6649442887433300A297E0 /* FavouriteTableView+Extension.swift in Sources */ = {isa = PBXBuildFile; fileRef = 9F6649432887433300A297E0 /* FavouriteTableView+Extension.swift */; };
		9F6649462887434F00A297E0 /* MainTableView+Extension.swift in Sources */ = {isa = PBXBuildFile; fileRef = 9F6649452887434F00A297E0 /* MainTableView+Extension.swift */; };
		9F66494A28874B3800A297E0 /* Alamofire in Frameworks */ = {isa = PBXBuildFile; productRef = 9F66494928874B3800A297E0 /* Alamofire */; };
		9F66494D28874B7600A297E0 /* Realm in Frameworks */ = {isa = PBXBuildFile; productRef = 9F66494C28874B7600A297E0 /* Realm */; };
		9F66494F28874B7600A297E0 /* RealmSwift in Frameworks */ = {isa = PBXBuildFile; productRef = 9F66494E28874B7600A297E0 /* RealmSwift */; };
		9F66495128874B8B00A297E0 /* NetworkService.swift in Sources */ = {isa = PBXBuildFile; fileRef = 9F66495028874B8B00A297E0 /* NetworkService.swift */; };
		9F68E72F28A122CD00B3330B /* MovieDataModel.swift in Sources */ = {isa = PBXBuildFile; fileRef = 9F68E72E28A122CD00B3330B /* MovieDataModel.swift */; };
		9F68E73128A1292B00B3330B /* DataManager.swift in Sources */ = {isa = PBXBuildFile; fileRef = 9F68E73028A1292B00B3330B /* DataManager.swift */; };
		9FB5D3BB288ECDFD008045F8 /* MovieTableViewCell.swift in Sources */ = {isa = PBXBuildFile; fileRef = 9FB5D3B9288ECDFD008045F8 /* MovieTableViewCell.swift */; };
		9FB5D3BC288ECDFD008045F8 /* MovieTableViewCell.xib in Resources */ = {isa = PBXBuildFile; fileRef = 9FB5D3BA288ECDFD008045F8 /* MovieTableViewCell.xib */; };
		9FBF0225288D606E00456CA2 /* SDWebImage in Frameworks */ = {isa = PBXBuildFile; productRef = 9FBF0224288D606E00456CA2 /* SDWebImage */; };
		9FBF0227288D606E00456CA2 /* SDWebImageMapKit in Frameworks */ = {isa = PBXBuildFile; productRef = 9FBF0226288D606E00456CA2 /* SDWebImageMapKit */; };
		9FDFC2B42898837D00FC5A1D /* FavouriteTableViewCell.swift in Sources */ = {isa = PBXBuildFile; fileRef = 9FDFC2B22898837D00FC5A1D /* FavouriteTableViewCell.swift */; };
		9FDFC2B52898837D00FC5A1D /* FavouriteTableViewCell.xib in Resources */ = {isa = PBXBuildFile; fileRef = 9FDFC2B32898837D00FC5A1D /* FavouriteTableViewCell.xib */; };
/* End PBXBuildFile section */

/* Begin PBXFileReference section */
		9F1567C9289E8D250045DFF8 /* Media.swift */ = {isa = PBXFileReference; fileEncoding = 4; lastKnownFileType = sourcecode.swift; path = Media.swift; sourceTree = "<group>"; };
		9F1567CA289E8D250045DFF8 /* Results.swift */ = {isa = PBXFileReference; fileEncoding = 4; lastKnownFileType = sourcecode.swift; path = Results.swift; sourceTree = "<group>"; };
		9F1567CF289FF41D0045DFF8 /* InfoCellViewController.swift */ = {isa = PBXFileReference; lastKnownFileType = sourcecode.swift; path = InfoCellViewController.swift; sourceTree = "<group>"; };
		9F1567D128A10B400045DFF8 /* SetUp + EXTENSIONS.swift */ = {isa = PBXFileReference; lastKnownFileType = sourcecode.swift; path = "SetUp + EXTENSIONS.swift"; sourceTree = "<group>"; };
		9F664925288735E200A297E0 /* FinalProjectDM.app */ = {isa = PBXFileReference; explicitFileType = wrapper.application; includeInIndex = 0; path = FinalProjectDM.app; sourceTree = BUILT_PRODUCTS_DIR; };
		9F664928288735E200A297E0 /* AppDelegate.swift */ = {isa = PBXFileReference; lastKnownFileType = sourcecode.swift; path = AppDelegate.swift; sourceTree = "<group>"; };
		9F66492A288735E200A297E0 /* SceneDelegate.swift */ = {isa = PBXFileReference; lastKnownFileType = sourcecode.swift; path = SceneDelegate.swift; sourceTree = "<group>"; };
		9F66492C288735E200A297E0 /* MainViewController.swift */ = {isa = PBXFileReference; lastKnownFileType = sourcecode.swift; path = MainViewController.swift; sourceTree = "<group>"; };
		9F66492F288735E200A297E0 /* Base */ = {isa = PBXFileReference; lastKnownFileType = file.storyboard; name = Base; path = Base.lproj/Main.storyboard; sourceTree = "<group>"; };
		9F664931288735E300A297E0 /* Assets.xcassets */ = {isa = PBXFileReference; lastKnownFileType = folder.assetcatalog; path = Assets.xcassets; sourceTree = "<group>"; };
		9F664934288735E300A297E0 /* Base */ = {isa = PBXFileReference; lastKnownFileType = file.storyboard; name = Base; path = Base.lproj/LaunchScreen.storyboard; sourceTree = "<group>"; };
		9F664936288735E300A297E0 /* Info.plist */ = {isa = PBXFileReference; lastKnownFileType = text.plist.xml; path = Info.plist; sourceTree = "<group>"; };
		9F66493D2887373200A297E0 /* FavouriteViewController.swift */ = {isa = PBXFileReference; lastKnownFileType = sourcecode.swift; path = FavouriteViewController.swift; sourceTree = "<group>"; };
		9F6649432887433300A297E0 /* FavouriteTableView+Extension.swift */ = {isa = PBXFileReference; lastKnownFileType = sourcecode.swift; path = "FavouriteTableView+Extension.swift"; sourceTree = "<group>"; };
		9F6649452887434F00A297E0 /* MainTableView+Extension.swift */ = {isa = PBXFileReference; lastKnownFileType = sourcecode.swift; path = "MainTableView+Extension.swift"; sourceTree = "<group>"; };
		9F66495028874B8B00A297E0 /* NetworkService.swift */ = {isa = PBXFileReference; lastKnownFileType = sourcecode.swift; path = NetworkService.swift; sourceTree = "<group>"; };
		9F68E72E28A122CD00B3330B /* MovieDataModel.swift */ = {isa = PBXFileReference; lastKnownFileType = sourcecode.swift; path = MovieDataModel.swift; sourceTree = "<group>"; };
		9F68E73028A1292B00B3330B /* DataManager.swift */ = {isa = PBXFileReference; lastKnownFileType = sourcecode.swift; path = DataManager.swift; sourceTree = "<group>"; };
		9FB5D3B9288ECDFD008045F8 /* MovieTableViewCell.swift */ = {isa = PBXFileReference; lastKnownFileType = sourcecode.swift; path = MovieTableViewCell.swift; sourceTree = "<group>"; };
		9FB5D3BA288ECDFD008045F8 /* MovieTableViewCell.xib */ = {isa = PBXFileReference; lastKnownFileType = file.xib; path = MovieTableViewCell.xib; sourceTree = "<group>"; };
		9FDFC2B22898837D00FC5A1D /* FavouriteTableViewCell.swift */ = {isa = PBXFileReference; lastKnownFileType = sourcecode.swift; path = FavouriteTableViewCell.swift; sourceTree = "<group>"; };
		9FDFC2B32898837D00FC5A1D /* FavouriteTableViewCell.xib */ = {isa = PBXFileReference; lastKnownFileType = file.xib; path = FavouriteTableViewCell.xib; sourceTree = "<group>"; };
/* End PBXFileReference section */

/* Begin PBXFrameworksBuildPhase section */
		9F664922288735E200A297E0 /* Frameworks */ = {
			isa = PBXFrameworksBuildPhase;
			buildActionMask = 2147483647;
			files = (
				9F66494F28874B7600A297E0 /* RealmSwift in Frameworks */,
				9FBF0227288D606E00456CA2 /* SDWebImageMapKit in Frameworks */,
				9F66494D28874B7600A297E0 /* Realm in Frameworks */,
				9FBF0225288D606E00456CA2 /* SDWebImage in Frameworks */,
				9F66494A28874B3800A297E0 /* Alamofire in Frameworks */,
			);
			runOnlyForDeploymentPostprocessing = 0;
		};
/* End PBXFrameworksBuildPhase section */

/* Begin PBXGroup section */
		9F1567C8289E8CC50045DFF8 /* Media Model */ = {
			isa = PBXGroup;
			children = (
				9F1567C9289E8D250045DFF8 /* Media.swift */,
				9F1567CA289E8D250045DFF8 /* Results.swift */,
			);
			path = "Media Model";
			sourceTree = "<group>";
		};
		9F1567CE289FF3D90045DFF8 /* Cell Info Controller */ = {
			isa = PBXGroup;
			children = (
				9F1567CF289FF41D0045DFF8 /* InfoCellViewController.swift */,
				9F1567D128A10B400045DFF8 /* SetUp + EXTENSIONS.swift */,
			);
			path = "Cell Info Controller";
			sourceTree = "<group>";
		};
		9F66491C288735E200A297E0 = {
			isa = PBXGroup;
			children = (
				9F664927288735E200A297E0 /* FinalProjectDM */,
				9F664926288735E200A297E0 /* Products */,
			);
			sourceTree = "<group>";
		};
		9F664926288735E200A297E0 /* Products */ = {
			isa = PBXGroup;
			children = (
				9F664925288735E200A297E0 /* FinalProjectDM.app */,
			);
			name = Products;
			sourceTree = "<group>";
		};
		9F664927288735E200A297E0 /* FinalProjectDM */ = {
			isa = PBXGroup;
			children = (
				9F68E72D28A11E0300B3330B /* SwiftRealm Set up */,
				9F66494728874AD400A297E0 /* NetworkService */,
				9F66493C2887371200A297E0 /* ViewControllers */,
				9F664928288735E200A297E0 /* AppDelegate.swift */,
				9F66492A288735E200A297E0 /* SceneDelegate.swift */,
				9F66492E288735E200A297E0 /* Main.storyboard */,
				9F664931288735E300A297E0 /* Assets.xcassets */,
				9F664933288735E300A297E0 /* LaunchScreen.storyboard */,
				9F664936288735E300A297E0 /* Info.plist */,
			);
			path = FinalProjectDM;
			sourceTree = "<group>";
		};
		9F66493C2887371200A297E0 /* ViewControllers */ = {
			isa = PBXGroup;
			children = (
				9F1567CE289FF3D90045DFF8 /* Cell Info Controller */,
				9FDFC2B12898833300FC5A1D /* Favourite Custom Cell */,
				9FB5D3B8288ECDC6008045F8 /* Main Custom Cell */,
				9F6649422887430A00A297E0 /* FavouriteViewController */,
				9F664941288742F900A297E0 /* MainViewController */,
			);
			path = ViewControllers;
			sourceTree = "<group>";
		};
		9F664941288742F900A297E0 /* MainViewController */ = {
			isa = PBXGroup;
			children = (
				9F66492C288735E200A297E0 /* MainViewController.swift */,
				9F6649452887434F00A297E0 /* MainTableView+Extension.swift */,
			);
			path = MainViewController;
			sourceTree = "<group>";
		};
		9F6649422887430A00A297E0 /* FavouriteViewController */ = {
			isa = PBXGroup;
			children = (
				9F66493D2887373200A297E0 /* FavouriteViewController.swift */,
				9F6649432887433300A297E0 /* FavouriteTableView+Extension.swift */,
			);
			path = FavouriteViewController;
			sourceTree = "<group>";
		};
		9F66494728874AD400A297E0 /* NetworkService */ = {
			isa = PBXGroup;
			children = (
				9F66495028874B8B00A297E0 /* NetworkService.swift */,
				9FBF0228288EB33D00456CA2 /* Recevied Data Models  */,
			);
			path = NetworkService;
			sourceTree = "<group>";
		};
		9F68E72D28A11E0300B3330B /* SwiftRealm Set up */ = {
			isa = PBXGroup;
			children = (
				9F68E72E28A122CD00B3330B /* MovieDataModel.swift */,
				9F68E73028A1292B00B3330B /* DataManager.swift */,
			);
			path = "SwiftRealm Set up";
			sourceTree = "<group>";
		};
		9FB5D3B8288ECDC6008045F8 /* Main Custom Cell */ = {
			isa = PBXGroup;
			children = (
				9FB5D3B9288ECDFD008045F8 /* MovieTableViewCell.swift */,
				9FB5D3BA288ECDFD008045F8 /* MovieTableViewCell.xib */,
			);
			path = "Main Custom Cell";
			sourceTree = "<group>";
		};
		9FBF0228288EB33D00456CA2 /* Recevied Data Models  */ = {
			isa = PBXGroup;
			children = (
				9F1567C8289E8CC50045DFF8 /* Media Model */,
			);
			path = "Recevied Data Models ";
			sourceTree = "<group>";
		};
		9FDFC2B12898833300FC5A1D /* Favourite Custom Cell */ = {
			isa = PBXGroup;
			children = (
				9FDFC2B22898837D00FC5A1D /* FavouriteTableViewCell.swift */,
				9FDFC2B32898837D00FC5A1D /* FavouriteTableViewCell.xib */,
			);
			path = "Favourite Custom Cell";
			sourceTree = "<group>";
		};
/* End PBXGroup section */

/* Begin PBXNativeTarget section */
		9F664924288735E200A297E0 /* FinalProjectDM */ = {
			isa = PBXNativeTarget;
			buildConfigurationList = 9F664939288735E300A297E0 /* Build configuration list for PBXNativeTarget "FinalProjectDM" */;
			buildPhases = (
				9F664921288735E200A297E0 /* Sources */,
				9F664922288735E200A297E0 /* Frameworks */,
				9F664923288735E200A297E0 /* Resources */,
			);
			buildRules = (
			);
			dependencies = (
			);
			name = FinalProjectDM;
			packageProductDependencies = (
				9F66494928874B3800A297E0 /* Alamofire */,
				9F66494C28874B7600A297E0 /* Realm */,
				9F66494E28874B7600A297E0 /* RealmSwift */,
				9FBF0224288D606E00456CA2 /* SDWebImage */,
				9FBF0226288D606E00456CA2 /* SDWebImageMapKit */,
			);
			productName = FinalProjectDM;
			productReference = 9F664925288735E200A297E0 /* FinalProjectDM.app */;
			productType = "com.apple.product-type.application";
		};
/* End PBXNativeTarget section */

/* Begin PBXProject section */
		9F66491D288735E200A297E0 /* Project object */ = {
			isa = PBXProject;
			attributes = {
				BuildIndependentTargetsInParallel = 1;
				LastSwiftUpdateCheck = 1340;
				LastUpgradeCheck = 1340;
				TargetAttributes = {
					9F664924288735E200A297E0 = {
						CreatedOnToolsVersion = 13.4.1;
					};
				};
			};
			buildConfigurationList = 9F664920288735E200A297E0 /* Build configuration list for PBXProject "FinalProjectDM" */;
			compatibilityVersion = "Xcode 13.0";
			developmentRegion = en;
			hasScannedForEncodings = 0;
			knownRegions = (
				en,
				Base,
			);
			mainGroup = 9F66491C288735E200A297E0;
			packageReferences = (
				9F66494828874B3800A297E0 /* XCRemoteSwiftPackageReference "Alamofire" */,
				9F66494B28874B7600A297E0 /* XCRemoteSwiftPackageReference "realm-swift" */,
				9FBF0223288D606E00456CA2 /* XCRemoteSwiftPackageReference "SDWebImage" */,
			);
			productRefGroup = 9F664926288735E200A297E0 /* Products */;
			projectDirPath = "";
			projectRoot = "";
			targets = (
				9F664924288735E200A297E0 /* FinalProjectDM */,
			);
		};
/* End PBXProject section */

/* Begin PBXResourcesBuildPhase section */
		9F664923288735E200A297E0 /* Resources */ = {
			isa = PBXResourcesBuildPhase;
			buildActionMask = 2147483647;
			files = (
				9F664935288735E300A297E0 /* LaunchScreen.storyboard in Resources */,
				9F664932288735E300A297E0 /* Assets.xcassets in Resources */,
				9FB5D3BC288ECDFD008045F8 /* MovieTableViewCell.xib in Resources */,
				9F664930288735E200A297E0 /* Main.storyboard in Resources */,
				9FDFC2B52898837D00FC5A1D /* FavouriteTableViewCell.xib in Resources */,
			);
			runOnlyForDeploymentPostprocessing = 0;
		};
/* End PBXResourcesBuildPhase section */

/* Begin PBXSourcesBuildPhase section */
		9F664921288735E200A297E0 /* Sources */ = {
			isa = PBXSourcesBuildPhase;
			buildActionMask = 2147483647;
			files = (
				9FB5D3BB288ECDFD008045F8 /* MovieTableViewCell.swift in Sources */,
				9F68E73128A1292B00B3330B /* DataManager.swift in Sources */,
				9F1567D228A10B400045DFF8 /* SetUp + EXTENSIONS.swift in Sources */,
				9F6649462887434F00A297E0 /* MainTableView+Extension.swift in Sources */,
				9F1567D0289FF41D0045DFF8 /* InfoCellViewController.swift in Sources */,
				9F1567CB289E8D250045DFF8 /* Media.swift in Sources */,
				9F6649442887433300A297E0 /* FavouriteTableView+Extension.swift in Sources */,
				9F66493E2887373200A297E0 /* FavouriteViewController.swift in Sources */,
				9F68E72F28A122CD00B3330B /* MovieDataModel.swift in Sources */,
				9F1567CC289E8D250045DFF8 /* Results.swift in Sources */,
				9F66492D288735E200A297E0 /* MainViewController.swift in Sources */,
				9F664929288735E200A297E0 /* AppDelegate.swift in Sources */,
				9F66492B288735E200A297E0 /* SceneDelegate.swift in Sources */,
				9FDFC2B42898837D00FC5A1D /* FavouriteTableViewCell.swift in Sources */,
				9F66495128874B8B00A297E0 /* NetworkService.swift in Sources */,
			);
			runOnlyForDeploymentPostprocessing = 0;
		};
/* End PBXSourcesBuildPhase section */

/* Begin PBXVariantGroup section */
		9F66492E288735E200A297E0 /* Main.storyboard */ = {
			isa = PBXVariantGroup;
			children = (
				9F66492F288735E200A297E0 /* Base */,
			);
			name = Main.storyboard;
			sourceTree = "<group>";
		};
		9F664933288735E300A297E0 /* LaunchScreen.storyboard */ = {
			isa = PBXVariantGroup;
			children = (
				9F664934288735E300A297E0 /* Base */,
			);
			name = LaunchScreen.storyboard;
			sourceTree = "<group>";
		};
/* End PBXVariantGroup section */

/* Begin XCBuildConfiguration section */
		9F664937288735E300A297E0 /* Debug */ = {
			isa = XCBuildConfiguration;
			buildSettings = {
				ALWAYS_SEARCH_USER_PATHS = NO;
				CLANG_ANALYZER_NONNULL = YES;
				CLANG_ANALYZER_NUMBER_OBJECT_CONVERSION = YES_AGGRESSIVE;
				CLANG_CXX_LANGUAGE_STANDARD = "gnu++17";
				CLANG_ENABLE_MODULES = YES;
				CLANG_ENABLE_OBJC_ARC = YES;
				CLANG_ENABLE_OBJC_WEAK = YES;
				CLANG_WARN_BLOCK_CAPTURE_AUTORELEASING = YES;
				CLANG_WARN_BOOL_CONVERSION = YES;
				CLANG_WARN_COMMA = YES;
				CLANG_WARN_CONSTANT_CONVERSION = YES;
				CLANG_WARN_DEPRECATED_OBJC_IMPLEMENTATIONS = YES;
				CLANG_WARN_DIRECT_OBJC_ISA_USAGE = YES_ERROR;
				CLANG_WARN_DOCUMENTATION_COMMENTS = YES;
				CLANG_WARN_EMPTY_BODY = YES;
				CLANG_WARN_ENUM_CONVERSION = YES;
				CLANG_WARN_INFINITE_RECURSION = YES;
				CLANG_WARN_INT_CONVERSION = YES;
				CLANG_WARN_NON_LITERAL_NULL_CONVERSION = YES;
				CLANG_WARN_OBJC_IMPLICIT_RETAIN_SELF = YES;
				CLANG_WARN_OBJC_LITERAL_CONVERSION = YES;
				CLANG_WARN_OBJC_ROOT_CLASS = YES_ERROR;
				CLANG_WARN_QUOTED_INCLUDE_IN_FRAMEWORK_HEADER = YES;
				CLANG_WARN_RANGE_LOOP_ANALYSIS = YES;
				CLANG_WARN_STRICT_PROTOTYPES = YES;
				CLANG_WARN_SUSPICIOUS_MOVE = YES;
				CLANG_WARN_UNGUARDED_AVAILABILITY = YES_AGGRESSIVE;
				CLANG_WARN_UNREACHABLE_CODE = YES;
				CLANG_WARN__DUPLICATE_METHOD_MATCH = YES;
				COPY_PHASE_STRIP = NO;
				DEBUG_INFORMATION_FORMAT = dwarf;
				ENABLE_STRICT_OBJC_MSGSEND = YES;
				ENABLE_TESTABILITY = YES;
				GCC_C_LANGUAGE_STANDARD = gnu11;
				GCC_DYNAMIC_NO_PIC = NO;
				GCC_NO_COMMON_BLOCKS = YES;
				GCC_OPTIMIZATION_LEVEL = 0;
				GCC_PREPROCESSOR_DEFINITIONS = (
					"DEBUG=1",
					"$(inherited)",
				);
				GCC_WARN_64_TO_32_BIT_CONVERSION = YES;
				GCC_WARN_ABOUT_RETURN_TYPE = YES_ERROR;
				GCC_WARN_UNDECLARED_SELECTOR = YES;
				GCC_WARN_UNINITIALIZED_AUTOS = YES_AGGRESSIVE;
				GCC_WARN_UNUSED_FUNCTION = YES;
				GCC_WARN_UNUSED_VARIABLE = YES;
				IPHONEOS_DEPLOYMENT_TARGET = 15.5;
				MTL_ENABLE_DEBUG_INFO = INCLUDE_SOURCE;
				MTL_FAST_MATH = YES;
				ONLY_ACTIVE_ARCH = YES;
				SDKROOT = iphoneos;
				SWIFT_ACTIVE_COMPILATION_CONDITIONS = DEBUG;
				SWIFT_OPTIMIZATION_LEVEL = "-Onone";
			};
			name = Debug;
		};
		9F664938288735E300A297E0 /* Release */ = {
			isa = XCBuildConfiguration;
			buildSettings = {
				ALWAYS_SEARCH_USER_PATHS = NO;
				CLANG_ANALYZER_NONNULL = YES;
				CLANG_ANALYZER_NUMBER_OBJECT_CONVERSION = YES_AGGRESSIVE;
				CLANG_CXX_LANGUAGE_STANDARD = "gnu++17";
				CLANG_ENABLE_MODULES = YES;
				CLANG_ENABLE_OBJC_ARC = YES;
				CLANG_ENABLE_OBJC_WEAK = YES;
				CLANG_WARN_BLOCK_CAPTURE_AUTORELEASING = YES;
				CLANG_WARN_BOOL_CONVERSION = YES;
				CLANG_WARN_COMMA = YES;
				CLANG_WARN_CONSTANT_CONVERSION = YES;
				CLANG_WARN_DEPRECATED_OBJC_IMPLEMENTATIONS = YES;
				CLANG_WARN_DIRECT_OBJC_ISA_USAGE = YES_ERROR;
				CLANG_WARN_DOCUMENTATION_COMMENTS = YES;
				CLANG_WARN_EMPTY_BODY = YES;
				CLANG_WARN_ENUM_CONVERSION = YES;
				CLANG_WARN_INFINITE_RECURSION = YES;
				CLANG_WARN_INT_CONVERSION = YES;
				CLANG_WARN_NON_LITERAL_NULL_CONVERSION = YES;
				CLANG_WARN_OBJC_IMPLICIT_RETAIN_SELF = YES;
				CLANG_WARN_OBJC_LITERAL_CONVERSION = YES;
				CLANG_WARN_OBJC_ROOT_CLASS = YES_ERROR;
				CLANG_WARN_QUOTED_INCLUDE_IN_FRAMEWORK_HEADER = YES;
				CLANG_WARN_RANGE_LOOP_ANALYSIS = YES;
				CLANG_WARN_STRICT_PROTOTYPES = YES;
				CLANG_WARN_SUSPICIOUS_MOVE = YES;
				CLANG_WARN_UNGUARDED_AVAILABILITY = YES_AGGRESSIVE;
				CLANG_WARN_UNREACHABLE_CODE = YES;
				CLANG_WARN__DUPLICATE_METHOD_MATCH = YES;
				COPY_PHASE_STRIP = NO;
				DEBUG_INFORMATION_FORMAT = "dwarf-with-dsym";
				ENABLE_NS_ASSERTIONS = NO;
				ENABLE_STRICT_OBJC_MSGSEND = YES;
				GCC_C_LANGUAGE_STANDARD = gnu11;
				GCC_NO_COMMON_BLOCKS = YES;
				GCC_WARN_64_TO_32_BIT_CONVERSION = YES;
				GCC_WARN_ABOUT_RETURN_TYPE = YES_ERROR;
				GCC_WARN_UNDECLARED_SELECTOR = YES;
				GCC_WARN_UNINITIALIZED_AUTOS = YES_AGGRESSIVE;
				GCC_WARN_UNUSED_FUNCTION = YES;
				GCC_WARN_UNUSED_VARIABLE = YES;
				IPHONEOS_DEPLOYMENT_TARGET = 15.5;
				MTL_ENABLE_DEBUG_INFO = NO;
				MTL_FAST_MATH = YES;
				SDKROOT = iphoneos;
				SWIFT_COMPILATION_MODE = wholemodule;
				SWIFT_OPTIMIZATION_LEVEL = "-O";
				VALIDATE_PRODUCT = YES;
			};
			name = Release;
		};
		9F66493A288735E300A297E0 /* Debug */ = {
			isa = XCBuildConfiguration;
			buildSettings = {
				ASSETCATALOG_COMPILER_APPICON_NAME = AppIcon;
				ASSETCATALOG_COMPILER_GLOBAL_ACCENT_COLOR_NAME = AccentColor;
				CODE_SIGN_STYLE = Automatic;
				CURRENT_PROJECT_VERSION = 1;
				DEVELOPMENT_TEAM = NGP4CADDB8;
				GENERATE_INFOPLIST_FILE = YES;
				INFOPLIST_FILE = FinalProjectDM/Info.plist;
				INFOPLIST_KEY_UIApplicationSupportsIndirectInputEvents = YES;
				INFOPLIST_KEY_UILaunchStoryboardName = LaunchScreen;
				INFOPLIST_KEY_UIMainStoryboardFile = Main;
				INFOPLIST_KEY_UISupportedInterfaceOrientations_iPad = "UIInterfaceOrientationPortrait UIInterfaceOrientationPortraitUpsideDown UIInterfaceOrientationLandscapeLeft UIInterfaceOrientationLandscapeRight";
				INFOPLIST_KEY_UISupportedInterfaceOrientations_iPhone = "UIInterfaceOrientationPortrait UIInterfaceOrientationLandscapeLeft UIInterfaceOrientationLandscapeRight";
				LD_RUNPATH_SEARCH_PATHS = (
					"$(inherited)",
					"@executable_path/Frameworks",
				);
				MARKETING_VERSION = 1.0;
				PRODUCT_BUNDLE_IDENTIFIER = UIKit.FinalProjectDM;
				PRODUCT_NAME = "$(TARGET_NAME)";
				SWIFT_EMIT_LOC_STRINGS = YES;
				SWIFT_VERSION = 5.0;
				TARGETED_DEVICE_FAMILY = "1,2";
			};
			name = Debug;
		};
		9F66493B288735E300A297E0 /* Release */ = {
			isa = XCBuildConfiguration;
			buildSettings = {
				ASSETCATALOG_COMPILER_APPICON_NAME = AppIcon;
				ASSETCATALOG_COMPILER_GLOBAL_ACCENT_COLOR_NAME = AccentColor;
				CODE_SIGN_STYLE = Automatic;
				CURRENT_PROJECT_VERSION = 1;
				DEVELOPMENT_TEAM = NGP4CADDB8;
				GENERATE_INFOPLIST_FILE = YES;
				INFOPLIST_FILE = FinalProjectDM/Info.plist;
				INFOPLIST_KEY_UIApplicationSupportsIndirectInputEvents = YES;
				INFOPLIST_KEY_UILaunchStoryboardName = LaunchScreen;
				INFOPLIST_KEY_UIMainStoryboardFile = Main;
				INFOPLIST_KEY_UISupportedInterfaceOrientations_iPad = "UIInterfaceOrientationPortrait UIInterfaceOrientationPortraitUpsideDown UIInterfaceOrientationLandscapeLeft UIInterfaceOrientationLandscapeRight";
				INFOPLIST_KEY_UISupportedInterfaceOrientations_iPhone = "UIInterfaceOrientationPortrait UIInterfaceOrientationLandscapeLeft UIInterfaceOrientationLandscapeRight";
				LD_RUNPATH_SEARCH_PATHS = (
					"$(inherited)",
					"@executable_path/Frameworks",
				);
				MARKETING_VERSION = 1.0;
				PRODUCT_BUNDLE_IDENTIFIER = UIKit.FinalProjectDM;
				PRODUCT_NAME = "$(TARGET_NAME)";
				SWIFT_EMIT_LOC_STRINGS = YES;
				SWIFT_VERSION = 5.0;
				TARGETED_DEVICE_FAMILY = "1,2";
			};
			name = Release;
		};
/* End XCBuildConfiguration section */

/* Begin XCConfigurationList section */
		9F664920288735E200A297E0 /* Build configuration list for PBXProject "FinalProjectDM" */ = {
			isa = XCConfigurationList;
			buildConfigurations = (
				9F664937288735E300A297E0 /* Debug */,
				9F664938288735E300A297E0 /* Release */,
			);
			defaultConfigurationIsVisible = 0;
			defaultConfigurationName = Release;
		};
		9F664939288735E300A297E0 /* Build configuration list for PBXNativeTarget "FinalProjectDM" */ = {
			isa = XCConfigurationList;
			buildConfigurations = (
				9F66493A288735E300A297E0 /* Debug */,
				9F66493B288735E300A297E0 /* Release */,
			);
			defaultConfigurationIsVisible = 0;
			defaultConfigurationName = Release;
		};
/* End XCConfigurationList section */

/* Begin XCRemoteSwiftPackageReference section */
		9F66494828874B3800A297E0 /* XCRemoteSwiftPackageReference "Alamofire" */ = {
			isa = XCRemoteSwiftPackageReference;
			repositoryURL = "https://github.com/Alamofire/Alamofire.git";
			requirement = {
				kind = upToNextMajorVersion;
				minimumVersion = 5.0.0;
			};
		};
		9F66494B28874B7600A297E0 /* XCRemoteSwiftPackageReference "realm-swift" */ = {
			isa = XCRemoteSwiftPackageReference;
			repositoryURL = "https://github.com/realm/realm-swift.git";
			requirement = {
				branch = master;
				kind = branch;
			};
		};
		9FBF0223288D606E00456CA2 /* XCRemoteSwiftPackageReference "SDWebImage" */ = {
			isa = XCRemoteSwiftPackageReference;
			repositoryURL = "https://github.com/SDWebImage/SDWebImage";
			requirement = {
				branch = master;
				kind = branch;
			};
		};
/* End XCRemoteSwiftPackageReference section */

/* Begin XCSwiftPackageProductDependency section */
		9F66494928874B3800A297E0 /* Alamofire */ = {
			isa = XCSwiftPackageProductDependency;
			package = 9F66494828874B3800A297E0 /* XCRemoteSwiftPackageReference "Alamofire" */;
			productName = Alamofire;
		};
		9F66494C28874B7600A297E0 /* Realm */ = {
			isa = XCSwiftPackageProductDependency;
			package = 9F66494B28874B7600A297E0 /* XCRemoteSwiftPackageReference "realm-swift" */;
			productName = Realm;
		};
		9F66494E28874B7600A297E0 /* RealmSwift */ = {
			isa = XCSwiftPackageProductDependency;
			package = 9F66494B28874B7600A297E0 /* XCRemoteSwiftPackageReference "realm-swift" */;
			productName = RealmSwift;
		};
		9FBF0224288D606E00456CA2 /* SDWebImage */ = {
			isa = XCSwiftPackageProductDependency;
			package = 9FBF0223288D606E00456CA2 /* XCRemoteSwiftPackageReference "SDWebImage" */;
			productName = SDWebImage;
		};
		9FBF0226288D606E00456CA2 /* SDWebImageMapKit */ = {
			isa = XCSwiftPackageProductDependency;
			package = 9FBF0223288D606E00456CA2 /* XCRemoteSwiftPackageReference "SDWebImage" */;
			productName = SDWebImageMapKit;
		};
/* End XCSwiftPackageProductDependency section */
	};
	rootObject = 9F66491D288735E200A297E0 /* Project object */;
}
